
Microsoft Visual Studio Solution File, Format Version 12.00
# Visual Studio Version 17
VisualStudioVersion = 17.13.35931.197 d17.13
MinimumVisualStudioVersion = 10.0.40219.1
Project("{FAE04EC0-301F-11D3-BF4B-00C04F79EFBC}") = "PizzariaDesktop", "PizzariaDesktop\PizzariaDesktop.csproj", "{95D29565-B5A0-4043-A4BC-BA8025B7F238}"
EndProject
Global
	GlobalSection(SolutionConfigurationPlatforms) = preSolution
		Debug|Any CPU = Debug|Any CPU
		Release|Any CPU = Release|Any CPU
	EndGlobalSection
	GlobalSection(ProjectConfigurationPlatforms) = postSolution
		{95D29565-B5A0-4043-A4BC-BA8025B7F238}.Debug|Any CPU.ActiveCfg = Debug|Any CPU
		{95D29565-B5A0-4043-A4BC-BA8025B7F238}.Debug|Any CPU.Build.0 = Debug|Any CPU
		{95D29565-B5A0-4043-A4BC-BA8025B7F238}.Release|Any CPU.ActiveCfg = Release|Any CPU
		{95D29565-B5A0-4043-A4BC-BA8025B7F238}.Release|Any CPU.Build.0 = Release|Any CPU
	EndGlobalSection
	GlobalSection(SolutionProperties) = preSolution
		HideSolutionNode = FALSE
	EndGlobalSection
	GlobalSection(ExtensibilityGlobals) = postSolution
		SolutionGuid = {82C71158-AB5B-4E8F-891E-E0184F04F04B}
	EndGlobalSection
EndGlobal
